// !$*UTF8*$!
{
	archiveVersion = 1;
	classes = {
	};
	objectVersion = 46;
	objects = {

/* Begin PBXBuildFile section */
		9E7A565A1EFFBD3F00D33BE3 /* AppDelegate.swift in Sources */ = {isa = PBXBuildFile; fileRef = 9E7A56591EFFBD3F00D33BE3 /* AppDelegate.swift */; };
		9E7A565C1EFFBD3F00D33BE3 /* ViewController.swift in Sources */ = {isa = PBXBuildFile; fileRef = 9E7A565B1EFFBD3F00D33BE3 /* ViewController.swift */; };
		9E7A565F1EFFBD3F00D33BE3 /* Main.storyboard in Resources */ = {isa = PBXBuildFile; fileRef = 9E7A565D1EFFBD3F00D33BE3 /* Main.storyboard */; };
		9E7A56611EFFBD3F00D33BE3 /* Assets.xcassets in Resources */ = {isa = PBXBuildFile; fileRef = 9E7A56601EFFBD3F00D33BE3 /* Assets.xcassets */; };
		9E7A56641EFFBD3F00D33BE3 /* LaunchScreen.storyboard in Resources */ = {isa = PBXBuildFile; fileRef = 9E7A56621EFFBD3F00D33BE3 /* LaunchScreen.storyboard */; };
		9E7A566C1EFFBF2A00D33BE3 /* Food.swift in Sources */ = {isa = PBXBuildFile; fileRef = 9E7A566B1EFFBF2A00D33BE3 /* Food.swift */; };
		A6722ECB59BD5892A695AF50 /* Pods_TableRxSwift.framework in Frameworks */ = {isa = PBXBuildFile; fileRef = 617A5E16BB98817876F9D269 /* Pods_TableRxSwift.framework */; };
/* End PBXBuildFile section */

/* Begin PBXFileReference section */
		617A5E16BB98817876F9D269 /* Pods_TableRxSwift.framework */ = {isa = PBXFileReference; explicitFileType = wrapper.framework; includeInIndex = 0; path = Pods_TableRxSwift.framework; sourceTree = BUILT_PRODUCTS_DIR; };
		9E7A56561EFFBD3F00D33BE3 /* TableRxSwift.app */ = {isa = PBXFileReference; explicitFileType = wrapper.application; includeInIndex = 0; path = TableRxSwift.app; sourceTree = BUILT_PRODUCTS_DIR; };
		9E7A56591EFFBD3F00D33BE3 /* AppDelegate.swift */ = {isa = PBXFileReference; lastKnownFileType = sourcecode.swift; path = AppDelegate.swift; sourceTree = "<group>"; };
		9E7A565B1EFFBD3F00D33BE3 /* ViewController.swift */ = {isa = PBXFileReference; lastKnownFileType = sourcecode.swift; path = ViewController.swift; sourceTree = "<group>"; };
		9E7A565E1EFFBD3F00D33BE3 /* Base */ = {isa = PBXFileReference; lastKnownFileType = file.storyboard; name = Base; path = Base.lproj/Main.storyboard; sourceTree = "<group>"; };
		9E7A56601EFFBD3F00D33BE3 /* Assets.xcassets */ = {isa = PBXFileReference; lastKnownFileType = folder.assetcatalog; path = Assets.xcassets; sourceTree = "<group>"; };
		9E7A56631EFFBD3F00D33BE3 /* Base */ = {isa = PBXFileReference; lastKnownFileType = file.storyboard; name = Base; path = Base.lproj/LaunchScreen.storyboard; sourceTree = "<group>"; };
		9E7A56651EFFBD3F00D33BE3 /* Info.plist */ = {isa = PBXFileReference; lastKnownFileType = text.plist.xml; path = Info.plist; sourceTree = "<group>"; };
		9E7A566B1EFFBF2A00D33BE3 /* Food.swift */ = {isa = PBXFileReference; fileEncoding = 4; lastKnownFileType = sourcecode.swift; path = Food.swift; sourceTree = "<group>"; };
		C4A4BAEA58FAD65EEB22CA2A /* Pods-TableRxSwift.release.xcconfig */ = {isa = PBXFileReference; includeInIndex = 1; lastKnownFileType = text.xcconfig; name = "Pods-TableRxSwift.release.xcconfig"; path = "Pods/Target Support Files/Pods-TableRxSwift/Pods-TableRxSwift.release.xcconfig"; sourceTree = "<group>"; };
		F181573FA365267EAD93C96F /* Pods-TableRxSwift.debug.xcconfig */ = {isa = PBXFileReference; includeInIndex = 1; lastKnownFileType = text.xcconfig; name = "Pods-TableRxSwift.debug.xcconfig"; path = "Pods/Target Support Files/Pods-TableRxSwift/Pods-TableRxSwift.debug.xcconfig"; sourceTree = "<group>"; };
/* End PBXFileReference section */

/* Begin PBXFrameworksBuildPhase section */
		9E7A56531EFFBD3F00D33BE3 /* Frameworks */ = {
			isa = PBXFrameworksBuildPhase;
			buildActionMask = 2147483647;
			files = (
				A6722ECB59BD5892A695AF50 /* Pods_TableRxSwift.framework in Frameworks */,
			);
			runOnlyForDeploymentPostprocessing = 0;
		};
/* End PBXFrameworksBuildPhase section */

/* Begin PBXGroup section */
		4F130429FF3BD9C3AEAF7332 /* Frameworks */ = {
			isa = PBXGroup;
			children = (
				617A5E16BB98817876F9D269 /* Pods_TableRxSwift.framework */,
			);
			name = Frameworks;
			sourceTree = "<group>";
		};
		9E7A564D1EFFBD3F00D33BE3 = {
			isa = PBXGroup;
			children = (
				9E7A56581EFFBD3F00D33BE3 /* TableRxSwift */,
				9E7A56571EFFBD3F00D33BE3 /* Products */,
				DB96C616D5322B2185D1D350 /* Pods */,
				4F130429FF3BD9C3AEAF7332 /* Frameworks */,
			);
			sourceTree = "<group>";
		};
		9E7A56571EFFBD3F00D33BE3 /* Products */ = {
			isa = PBXGroup;
			children = (
				9E7A56561EFFBD3F00D33BE3 /* TableRxSwift.app */,
			);
			name = Products;
			sourceTree = "<group>";
		};
		9E7A56581EFFBD3F00D33BE3 /* TableRxSwift */ = {
			isa = PBXGroup;
			children = (
				9E7A56591EFFBD3F00D33BE3 /* AppDelegate.swift */,
				9E7A565B1EFFBD3F00D33BE3 /* ViewController.swift */,
				9E7A565D1EFFBD3F00D33BE3 /* Main.storyboard */,
				9E7A566B1EFFBF2A00D33BE3 /* Food.swift */,
				9E7A56601EFFBD3F00D33BE3 /* Assets.xcassets */,
				9E7A56621EFFBD3F00D33BE3 /* LaunchScreen.storyboard */,
				9E7A56651EFFBD3F00D33BE3 /* Info.plist */,
			);
			path = TableRxSwift;
			sourceTree = "<group>";
		};
		DB96C616D5322B2185D1D350 /* Pods */ = {
			isa = PBXGroup;
			children = (
				F181573FA365267EAD93C96F /* Pods-TableRxSwift.debug.xcconfig */,
				C4A4BAEA58FAD65EEB22CA2A /* Pods-TableRxSwift.release.xcconfig */,
			);
			name = Pods;
			sourceTree = "<group>";
		};
/* End PBXGroup section */

/* Begin PBXNativeTarget section */
		9E7A56551EFFBD3F00D33BE3 /* TableRxSwift */ = {
			isa = PBXNativeTarget;
			buildConfigurationList = 9E7A56681EFFBD3F00D33BE3 /* Build configuration list for PBXNativeTarget "TableRxSwift" */;
			buildPhases = (
				921EEEE0619F0A8B2E4D5204 /* [CP] Check Pods Manifest.lock */,
				9E7A56521EFFBD3F00D33BE3 /* Sources */,
				9E7A56531EFFBD3F00D33BE3 /* Frameworks */,
				9E7A56541EFFBD3F00D33BE3 /* Resources */,
				0B3F7F2D54B43B91BA494385 /* [CP] Embed Pods Frameworks */,
				677196D13A2A4E9F312CF2AC /* [CP] Copy Pods Resources */,
			);
			buildRules = (
			);
			dependencies = (
			);
			name = TableRxSwift;
			productName = TableRxSwift;
			productReference = 9E7A56561EFFBD3F00D33BE3 /* TableRxSwift.app */;
			productType = "com.apple.product-type.application";
		};
/* End PBXNativeTarget section */

/* Begin PBXProject section */
		9E7A564E1EFFBD3F00D33BE3 /* Project object */ = {
			isa = PBXProject;
			attributes = {
				LastSwiftUpdateCheck = 0830;
				LastUpgradeCheck = 0830;
				ORGANIZATIONNAME = YuraPetrov;
				TargetAttributes = {
					9E7A56551EFFBD3F00D33BE3 = {
						CreatedOnToolsVersion = 8.3;
						ProvisioningStyle = Automatic;
					};
				};
			};
			buildConfigurationList = 9E7A56511EFFBD3F00D33BE3 /* Build configuration list for PBXProject "TableRxSwift" */;
			compatibilityVersion = "Xcode 3.2";
			developmentRegion = English;
			hasScannedForEncodings = 0;
			knownRegions = (
				en,
				Base,
			);
			mainGroup = 9E7A564D1EFFBD3F00D33BE3;
			productRefGroup = 9E7A56571EFFBD3F00D33BE3 /* Products */;
			projectDirPath = "";
			projectRoot = "";
			targets = (
				9E7A56551EFFBD3F00D33BE3 /* TableRxSwift */,
			);
		};
/* End PBXProject section */

/* Begin PBXResourcesBuildPhase section */
		9E7A56541EFFBD3F00D33BE3 /* Resources */ = {
			isa = PBXResourcesBuildPhase;
			buildActionMask = 2147483647;
			files = (
				9E7A56641EFFBD3F00D33BE3 /* LaunchScreen.storyboard in Resources */,
				9E7A56611EFFBD3F00D33BE3 /* Assets.xcassets in Resources */,
				9E7A565F1EFFBD3F00D33BE3 /* Main.storyboard in Resources */,
			);
			runOnlyForDeploymentPostprocessing = 0;
		};
/* End PBXResourcesBuildPhase section */

/* Begin PBXShellScriptBuildPhase section */
		0B3F7F2D54B43B91BA494385 /* [CP] Embed Pods Frameworks */ = {
			isa = PBXShellScriptBuildPhase;
			buildActionMask = 2147483647;
			files = (
			);
			inputPaths = (
			);
			name = "[CP] Embed Pods Frameworks";
			outputPaths = (
			);
			runOnlyForDeploymentPostprocessing = 0;
			shellPath = /bin/sh;
			shellScript = "\"${SRCROOT}/Pods/Target Support Files/Pods-TableRxSwift/Pods-TableRxSwift-frameworks.sh\"\n";
			showEnvVarsInLog = 0;
		};
		677196D13A2A4E9F312CF2AC /* [CP] Copy Pods Resources */ = {
			isa = PBXShellScriptBuildPhase;
			buildActionMask = 2147483647;
			files = (
			);
			inputPaths = (
			);
			name = "[CP] Copy Pods Resources";
			outputPaths = (
			);
			runOnlyForDeploymentPostprocessing = 0;
			shellPath = /bin/sh;
			shellScript = "\"${SRCROOT}/Pods/Target Support Files/Pods-TableRxSwift/Pods-TableRxSwift-resources.sh\"\n";
			showEnvVarsInLog = 0;
		};
		921EEEE0619F0A8B2E4D5204 /* [CP] Check Pods Manifest.lock */ = {
			isa = PBXShellScriptBuildPhase;
			buildActionMask = 2147483647;
			files = (
			);
			inputPaths = (
			);
			name = "[CP] Check Pods Manifest.lock";
			outputPaths = (
			);
			runOnlyForDeploymentPostprocessing = 0;
			shellPath = /bin/sh;
			shellScript = "diff \"${PODS_ROOT}/../Podfile.lock\" \"${PODS_ROOT}/Manifest.lock\" > /dev/null\nif [ $? != 0 ] ; then\n    # print error to STDERR\n    echo \"error: The sandbox is not in sync with the Podfile.lock. Run 'pod install' or update your CocoaPods installation.\" >&2\n    exit 1\nfi\n";
			showEnvVarsInLog = 0;
		};
/* End PBXShellScriptBuildPhase section */

/* Begin PBXSourcesBuildPhase section */
		9E7A56521EFFBD3F00D33BE3 /* Sources */ = {
			isa = PBXSourcesBuildPhase;
			buildActionMask = 2147483647;
			files = (
				9E7A565C1EFFBD3F00D33BE3 /* ViewController.swift in Sources */,
				9E7A565A1EFFBD3F00D33BE3 /* AppDelegate.swift in Sources */,
				9E7A566C1EFFBF2A00D33BE3 /* Food.swift in Sources */,
			);
			runOnlyForDeploymentPostprocessing = 0;
		};
/* End PBXSourcesBuildPhase section */

/* Begin PBXVariantGroup section */
		9E7A565D1EFFBD3F00D33BE3 /* Main.storyboard */ = {
			isa = PBXVariantGroup;
			children = (
				9E7A565E1EFFBD3F00D33BE3 /* Base */,
			);
			name = Main.storyboard;
			sourceTree = "<group>";
		};
		9E7A56621EFFBD3F00D33BE3 /* LaunchScreen.storyboard */ = {
			isa = PBXVariantGroup;
			children = (
				9E7A56631EFFBD3F00D33BE3 /* Base */,
			);
			name = LaunchScreen.storyboard;
			sourceTree = "<group>";
		};
/* End PBXVariantGroup section */

/* Begin XCBuildConfiguration section */
		9E7A56661EFFBD3F00D33BE3 /* Debug */ = {
			isa = XCBuildConfiguration;
			buildSettings = {
				ALWAYS_SEARCH_USER_PATHS = NO;
				CLANG_ANALYZER_NONNULL = YES;
				CLANG_ANALYZER_NUMBER_OBJECT_CONVERSION = YES_AGGRESSIVE;
				CLANG_CXX_LANGUAGE_STANDARD = "gnu++0x";
				CLANG_CXX_LIBRARY = "libc++";
				CLANG_ENABLE_MODULES = YES;
				CLANG_ENABLE_OBJC_ARC = YES;
				CLANG_WARN_BOOL_CONVERSION = YES;
				CLANG_WARN_CONSTANT_CONVERSION = YES;
				CLANG_WARN_DIRECT_OBJC_ISA_USAGE = YES_ERROR;
				CLANG_WARN_DOCUMENTATION_COMMENTS = YES;
				CLANG_WARN_EMPTY_BODY = YES;
				CLANG_WARN_ENUM_CONVERSION = YES;
				CLANG_WARN_INFINITE_RECURSION = YES;
				CLANG_WARN_INT_CONVERSION = YES;
				CLANG_WARN_OBJC_ROOT_CLASS = YES_ERROR;
				CLANG_WARN_SUSPICIOUS_MOVE = YES;
				CLANG_WARN_UNREACHABLE_CODE = YES;
				CLANG_WARN__DUPLICATE_METHOD_MATCH = YES;
				"CODE_SIGN_IDENTITY[sdk=iphoneos*]" = "iPhone Developer";
				COPY_PHASE_STRIP = NO;
				DEBUG_INFORMATION_FORMAT = dwarf;
				ENABLE_STRICT_OBJC_MSGSEND = YES;
				ENABLE_TESTABILITY = YES;
				GCC_C_LANGUAGE_STANDARD = gnu99;
				GCC_DYNAMIC_NO_PIC = NO;
				GCC_NO_COMMON_BLOCKS = YES;
				GCC_OPTIMIZATION_LEVEL = 0;
				GCC_PREPROCESSOR_DEFINITIONS = (
					"DEBUG=1",
					"$(inherited)",
				);
				GCC_WARN_64_TO_32_BIT_CONVERSION = YES;
				GCC_WARN_ABOUT_RETURN_TYPE = YES_ERROR;
				GCC_WARN_UNDECLARED_SELECTOR = YES;
				GCC_WARN_UNINITIALIZED_AUTOS = YES_AGGRESSIVE;
				GCC_WARN_UNUSED_FUNCTION = YES;
				GCC_WARN_UNUSED_VARIABLE = YES;
				IPHONEOS_DEPLOYMENT_TARGET = 10.3;
				MTL_ENABLE_DEBUG_INFO = YES;
				ONLY_ACTIVE_ARCH = YES;
				SDKROOT = iphoneos;
				SWIFT_ACTIVE_COMPILATION_CONDITIONS = DEBUG;
				SWIFT_OPTIMIZATION_LEVEL = "-Onone";
			};
			name = Debug;
		};
		9E7A56671EFFBD3F00D33BE3 /* Release */ = {
			isa = XCBuildConfiguration;
			buildSettings = {
				ALWAYS_SEARCH_USER_PATHS = NO;
				CLANG_ANALYZER_NONNULL = YES;
				CLANG_ANALYZER_NUMBER_OBJECT_CONVERSION = YES_AGGRESSIVE;
				CLANG_CXX_LANGUAGE_STANDARD = "gnu++0x";
				CLANG_CXX_LIBRARY = "libc++";
				CLANG_ENABLE_MODULES = YES;
				CLANG_ENABLE_OBJC_ARC = YES;
				CLANG_WARN_BOOL_CONVERSION = YES;
				CLANG_WARN_CONSTANT_CONVERSION = YES;
				CLANG_WARN_DIRECT_OBJC_ISA_USAGE = YES_ERROR;
				CLANG_WARN_DOCUMENTATION_COMMENTS = YES;
				CLANG_WARN_EMPTY_BODY = YES;
				CLANG_WARN_ENUM_CONVERSION = YES;
				CLANG_WARN_INFINITE_RECURSION = YES;
				CLANG_WARN_INT_CONVERSION = YES;
				CLANG_WARN_OBJC_ROOT_CLASS = YES_ERROR;
				CLANG_WARN_SUSPICIOUS_MOVE = YES;
				CLANG_WARN_UNREACHABLE_CODE = YES;
				CLANG_WARN__DUPLICATE_METHOD_MATCH = YES;
				"CODE_SIGN_IDENTITY[sdk=iphoneos*]" = "iPhone Developer";
				COPY_PHASE_STRIP = NO;
				DEBUG_INFORMATION_FORMAT = "dwarf-with-dsym";
				ENABLE_NS_ASSERTIONS = NO;
				ENABLE_STRICT_OBJC_MSGSEND = YES;
				GCC_C_LANGUAGE_STANDARD = gnu99;
				GCC_NO_COMMON_BLOCKS = YES;
				GCC_WARN_64_TO_32_BIT_CONVERSION = YES;
				GCC_WARN_ABOUT_RETURN_TYPE = YES_ERROR;
				GCC_WARN_UNDECLARED_SELECTOR = YES;
				GCC_WARN_UNINITIALIZED_AUTOS = YES_AGGRESSIVE;
				GCC_WARN_UNUSED_FUNCTION = YES;
				GCC_WARN_UNUSED_VARIABLE = YES;
				IPHONEOS_DEPLOYMENT_TARGET = 10.3;
				MTL_ENABLE_DEBUG_INFO = NO;
				SDKROOT = iphoneos;
				SWIFT_OPTIMIZATION_LEVEL = "-Owholemodule";
				VALIDATE_PRODUCT = YES;
			};
			name = Release;
		};
		9E7A56691EFFBD3F00D33BE3 /* Debug */ = {
			isa = XCBuildConfiguration;
			baseConfigurationReference = F181573FA365267EAD93C96F /* Pods-TableRxSwift.debug.xcconfig */;
			buildSettings = {
				ASSETCATALOG_COMPILER_APPICON_NAME = AppIcon;
				INFOPLIST_FILE = TableRxSwift/Info.plist;
				LD_RUNPATH_SEARCH_PATHS = "$(inherited) @executable_path/Frameworks";
				PRODUCT_BUNDLE_IDENTIFIER = mbt.TableRxSwift;
				PRODUCT_NAME = "$(TARGET_NAME)";
				SWIFT_VERSION = 3.0;
			};
			name = Debug;
		};
		9E7A566A1EFFBD3F00D33BE3 /* Release */ = {
			isa = XCBuildConfiguration;
			baseConfigurationReference = C4A4BAEA58FAD65EEB22CA2A /* Pods-TableRxSwift.release.xcconfig */;
			buildSettings = {
				ASSETCATALOG_COMPILER_APPICON_NAME = AppIcon;
				INFOPLIST_FILE = TableRxSwift/Info.plist;
				LD_RUNPATH_SEARCH_PATHS = "$(inherited) @executable_path/Frameworks";
				PRODUCT_BUNDLE_IDENTIFIER = mbt.TableRxSwift;
				PRODUCT_NAME = "$(TARGET_NAME)";
				SWIFT_VERSION = 3.0;
			};
			name = Release;
		};
/* End XCBuildConfiguration section */

/* Begin XCConfigurationList section */
		9E7A56511EFFBD3F00D33BE3 /* Build configuration list for PBXProject "TableRxSwift" */ = {
			isa = XCConfigurationList;
			buildConfigurations = (
				9E7A56661EFFBD3F00D33BE3 /* Debug */,
				9E7A56671EFFBD3F00D33BE3 /* Release */,
			);
			defaultConfigurationIsVisible = 0;
			defaultConfigurationName = Release;
		};
		9E7A56681EFFBD3F00D33BE3 /* Build configuration list for PBXNativeTarget "TableRxSwift" */ = {
			isa = XCConfigurationList;
			buildConfigurations = (
				9E7A56691EFFBD3F00D33BE3 /* Debug */,
				9E7A566A1EFFBD3F00D33BE3 /* Release */,
			);
			defaultConfigurationIsVisible = 0;
		};
/* End XCConfigurationList section */
	};
	rootObject = 9E7A564E1EFFBD3F00D33BE3 /* Project object */;
}
